go.neonxp.dev/jsonrpc2 v1.2.0 h1:MSelMX2i3+NiY1SD/eeUgDANmom6vU3egm1gUlqvaKY=
go.neonxp.dev/jsonrpc2 v1.2.0/go.mod h1:xGiFcKIvOdoizfAnATCgJTyJRvLbQx9DDMd6w+7F2o0=
golang.org/x/sync v0.0.0-20220513210516-0976fa681c29 h1:w8s32wxx3sY+OjLlv9qltkLU5yvJzxjjgiHWLjdIcw4=
golang.org/x/sync v0.0.0-20220513210516-0976fa681c29/go.mod h1:RxMgew5VJxzue5/jJTE5uejpjVlOe/izrB70Jof72aM=
